{
  "requires": true,
  "lockfileVersion": 1,
  "dependencies": {
    "codemirror": {
      "version": "5.34.0",
      "resolved": "https://registry.npmjs.org/codemirror/-/codemirror-5.34.0.tgz",
      "integrity": "sha512-7ke9DJB350sChxq1skTmotVZsJtiJo1ihC41rq8IyOMZv47Z1AQygoevWHs0PJTw2eBphmB7gA3AbPrVrnfwPw=="
    }
  }
}
